
Microsoft Visual Studio Solution File, Format Version 11.00
# Visual Studio 2010
Project("{FAE04EC0-301F-11D3-BF4B-00C04F79EFBC}") = "Assembly-CSharp", "Assembly-CSharp.csproj", "{4712ff29-d47f-8386-8c7e-f9d57d792274}"
EndProject
Global
	GlobalSection(SolutionConfigurationPlatforms) = preSolution
		Debug|Any CPU = Debug|Any CPU
		Release|Any CPU = Release|Any CPU
	EndGlobalSection
	GlobalSection(ProjectConfigurationPlatforms) = postSolution
		{4712ff29-d47f-8386-8c7e-f9d57d792274}.Debug|Any CPU.ActiveCfg = Debug|Any CPU
		{4712ff29-d47f-8386-8c7e-f9d57d792274}.Debug|Any CPU.Build.0 = Debug|Any CPU
		{4712ff29-d47f-8386-8c7e-f9d57d792274}.Release|Any CPU.ActiveCfg = Release|Any CPU
		{4712ff29-d47f-8386-8c7e-f9d57d792274}.Release|Any CPU.Build.0 = Release|Any CPU
	EndGlobalSection
	GlobalSection(SolutionProperties) = preSolution
		HideSolutionNode = FALSE
	EndGlobalSection
EndGlobal
